github.com/purescript-native/go-ffi v0.0.0-20201213185134-1d36dd2917f6 h1:m9ZH7wktv/gL/m8OT8DDyy9EGl0axN+DPYZFZyFAUTA=
github.com/purescript-native/go-ffi v0.0.0-20201213185134-1d36dd2917f6/go.mod h1:1TvaJdjRUFHRmoLQ5QvpR1pnivyd7eBjNA+j1PuktBM=
github.com/purescript-native/go-runtime v0.1.2 h1:vxVmLXojzc6nkP29qMxHmEd6iwolF309yP/FskRY88Y=
github.com/purescript-native/go-runtime v0.1.2/go.mod h1:Pl7TR9c9Al8GMlY/R2D7joWjlQuTiB9eBN2a9aXd6GQ=
